// !$*UTF8*$!
{
	archiveVersion = 1;
	classes = {
	};
	objectVersion = 51;
	objects = {

/* Begin PBXBuildFile section */
		213424871E313AEAE09B5CA7 /* Pods_COVID_19_MVP.framework in Frameworks */ = {isa = PBXBuildFile; fileRef = 0D0AE864C4B77572B55CD992 /* Pods_COVID_19_MVP.framework */; };
		2C277A38244C9855009C9278 /* ChartTableCell.swift in Sources */ = {isa = PBXBuildFile; fileRef = 2C277A37244C9855009C9278 /* ChartTableCell.swift */; };
		2C42284F244A257C00D2CAB4 /* MainTableViewCell.swift in Sources */ = {isa = PBXBuildFile; fileRef = 2C42284E244A257C00D2CAB4 /* MainTableViewCell.swift */; };
		2C422851244A2A3D00D2CAB4 /* NetworkServices.swift in Sources */ = {isa = PBXBuildFile; fileRef = 2C422850244A2A3D00D2CAB4 /* NetworkServices.swift */; };
		2C422853244A2C5700D2CAB4 /* PersistanceService.swift in Sources */ = {isa = PBXBuildFile; fileRef = 2C422852244A2C5700D2CAB4 /* PersistanceService.swift */; };
		2C967064244A11840041E4BA /* AppDelegate.swift in Sources */ = {isa = PBXBuildFile; fileRef = 2C967063244A11840041E4BA /* AppDelegate.swift */; };
		2C967066244A11840041E4BA /* SceneDelegate.swift in Sources */ = {isa = PBXBuildFile; fileRef = 2C967065244A11840041E4BA /* SceneDelegate.swift */; };
		2C967068244A11840041E4BA /* MainViewController.swift in Sources */ = {isa = PBXBuildFile; fileRef = 2C967067244A11840041E4BA /* MainViewController.swift */; };
		2C96706B244A11840041E4BA /* Main.storyboard in Resources */ = {isa = PBXBuildFile; fileRef = 2C967069244A11840041E4BA /* Main.storyboard */; };
		2C96706E244A11840041E4BA /* COVID_19_MVP.xcdatamodeld in Sources */ = {isa = PBXBuildFile; fileRef = 2C96706C244A11840041E4BA /* COVID_19_MVP.xcdatamodeld */; };
		2C967070244A11880041E4BA /* Assets.xcassets in Resources */ = {isa = PBXBuildFile; fileRef = 2C96706F244A11880041E4BA /* Assets.xcassets */; };
		2C967073244A11880041E4BA /* LaunchScreen.storyboard in Resources */ = {isa = PBXBuildFile; fileRef = 2C967071244A11880041E4BA /* LaunchScreen.storyboard */; };
		2C967084244A186A0041E4BA /* Router.swift in Sources */ = {isa = PBXBuildFile; fileRef = 2C967083244A186A0041E4BA /* Router.swift */; };
		2C967086244A18790041E4BA /* AssemblyBuilder.swift in Sources */ = {isa = PBXBuildFile; fileRef = 2C967085244A18790041E4BA /* AssemblyBuilder.swift */; };
		2C967088244A1A3B0041E4BA /* MainPresenter.swift in Sources */ = {isa = PBXBuildFile; fileRef = 2C967087244A1A3B0041E4BA /* MainPresenter.swift */; };
		2C96708A244A1A490041E4BA /* MainView.swift in Sources */ = {isa = PBXBuildFile; fileRef = 2C967089244A1A490041E4BA /* MainView.swift */; };
		2C96708C244A1A550041E4BA /* MainModel.swift in Sources */ = {isa = PBXBuildFile; fileRef = 2C96708B244A1A550041E4BA /* MainModel.swift */; };
		2CE23A07244A2F2D0059BDFC /* Helper.swift in Sources */ = {isa = PBXBuildFile; fileRef = 2CE23A06244A2F2D0059BDFC /* Helper.swift */; };
		2CE23A0D244A382B0059BDFC /* DetailPresenter.swift in Sources */ = {isa = PBXBuildFile; fileRef = 2CE23A0C244A382B0059BDFC /* DetailPresenter.swift */; };
		2CE23A0F244A384A0059BDFC /* DetailViewController.swift in Sources */ = {isa = PBXBuildFile; fileRef = 2CE23A0E244A384A0059BDFC /* DetailViewController.swift */; };
		2CE23A11244A3F780059BDFC /* DetailView.swift in Sources */ = {isa = PBXBuildFile; fileRef = 2CE23A10244A3F780059BDFC /* DetailView.swift */; };
		2CE23A13244A3FA70059BDFC /* DetailTableCell.swift in Sources */ = {isa = PBXBuildFile; fileRef = 2CE23A12244A3FA70059BDFC /* DetailTableCell.swift */; };
/* End PBXBuildFile section */

/* Begin PBXFileReference section */
		0D0AE864C4B77572B55CD992 /* Pods_COVID_19_MVP.framework */ = {isa = PBXFileReference; explicitFileType = wrapper.framework; includeInIndex = 0; path = Pods_COVID_19_MVP.framework; sourceTree = BUILT_PRODUCTS_DIR; };
		2C277A37244C9855009C9278 /* ChartTableCell.swift */ = {isa = PBXFileReference; lastKnownFileType = sourcecode.swift; path = ChartTableCell.swift; sourceTree = "<group>"; };
		2C42284E244A257C00D2CAB4 /* MainTableViewCell.swift */ = {isa = PBXFileReference; lastKnownFileType = sourcecode.swift; path = MainTableViewCell.swift; sourceTree = "<group>"; };
		2C422850244A2A3D00D2CAB4 /* NetworkServices.swift */ = {isa = PBXFileReference; lastKnownFileType = sourcecode.swift; path = NetworkServices.swift; sourceTree = "<group>"; };
		2C422852244A2C5700D2CAB4 /* PersistanceService.swift */ = {isa = PBXFileReference; lastKnownFileType = sourcecode.swift; path = PersistanceService.swift; sourceTree = "<group>"; };
		2C967060244A11840041E4BA /* COVID-19_MVP.app */ = {isa = PBXFileReference; explicitFileType = wrapper.application; includeInIndex = 0; path = "COVID-19_MVP.app"; sourceTree = BUILT_PRODUCTS_DIR; };
		2C967063244A11840041E4BA /* AppDelegate.swift */ = {isa = PBXFileReference; lastKnownFileType = sourcecode.swift; path = AppDelegate.swift; sourceTree = "<group>"; };
		2C967065244A11840041E4BA /* SceneDelegate.swift */ = {isa = PBXFileReference; lastKnownFileType = sourcecode.swift; path = SceneDelegate.swift; sourceTree = "<group>"; };
		2C967067244A11840041E4BA /* MainViewController.swift */ = {isa = PBXFileReference; lastKnownFileType = sourcecode.swift; path = MainViewController.swift; sourceTree = "<group>"; };
		2C96706A244A11840041E4BA /* Base */ = {isa = PBXFileReference; lastKnownFileType = file.storyboard; name = Base; path = Base.lproj/Main.storyboard; sourceTree = "<group>"; };
		2C96706D244A11840041E4BA /* COVID_19_MVP.xcdatamodel */ = {isa = PBXFileReference; lastKnownFileType = wrapper.xcdatamodel; path = COVID_19_MVP.xcdatamodel; sourceTree = "<group>"; };
		2C96706F244A11880041E4BA /* Assets.xcassets */ = {isa = PBXFileReference; lastKnownFileType = folder.assetcatalog; path = Assets.xcassets; sourceTree = "<group>"; };
		2C967072244A11880041E4BA /* Base */ = {isa = PBXFileReference; lastKnownFileType = file.storyboard; name = Base; path = Base.lproj/LaunchScreen.storyboard; sourceTree = "<group>"; };
		2C967074244A11880041E4BA /* Info.plist */ = {isa = PBXFileReference; lastKnownFileType = text.plist.xml; path = Info.plist; sourceTree = "<group>"; };
		2C967083244A186A0041E4BA /* Router.swift */ = {isa = PBXFileReference; lastKnownFileType = sourcecode.swift; path = Router.swift; sourceTree = "<group>"; };
		2C967085244A18790041E4BA /* AssemblyBuilder.swift */ = {isa = PBXFileReference; lastKnownFileType = sourcecode.swift; path = AssemblyBuilder.swift; sourceTree = "<group>"; };
		2C967087244A1A3B0041E4BA /* MainPresenter.swift */ = {isa = PBXFileReference; lastKnownFileType = sourcecode.swift; path = MainPresenter.swift; sourceTree = "<group>"; };
		2C967089244A1A490041E4BA /* MainView.swift */ = {isa = PBXFileReference; lastKnownFileType = sourcecode.swift; path = MainView.swift; sourceTree = "<group>"; };
		2C96708B244A1A550041E4BA /* MainModel.swift */ = {isa = PBXFileReference; lastKnownFileType = sourcecode.swift; path = MainModel.swift; sourceTree = "<group>"; };
		2CE23A06244A2F2D0059BDFC /* Helper.swift */ = {isa = PBXFileReference; lastKnownFileType = sourcecode.swift; path = Helper.swift; sourceTree = "<group>"; };
		2CE23A0C244A382B0059BDFC /* DetailPresenter.swift */ = {isa = PBXFileReference; lastKnownFileType = sourcecode.swift; path = DetailPresenter.swift; sourceTree = "<group>"; };
		2CE23A0E244A384A0059BDFC /* DetailViewController.swift */ = {isa = PBXFileReference; lastKnownFileType = sourcecode.swift; path = DetailViewController.swift; sourceTree = "<group>"; };
		2CE23A10244A3F780059BDFC /* DetailView.swift */ = {isa = PBXFileReference; lastKnownFileType = sourcecode.swift; path = DetailView.swift; sourceTree = "<group>"; };
		2CE23A12244A3FA70059BDFC /* DetailTableCell.swift */ = {isa = PBXFileReference; lastKnownFileType = sourcecode.swift; path = DetailTableCell.swift; sourceTree = "<group>"; };
		31A80C460E2CE5C7A77BEB39 /* Pods-COVID-19_MVP.debug.xcconfig */ = {isa = PBXFileReference; includeInIndex = 1; lastKnownFileType = text.xcconfig; name = "Pods-COVID-19_MVP.debug.xcconfig"; path = "Target Support Files/Pods-COVID-19_MVP/Pods-COVID-19_MVP.debug.xcconfig"; sourceTree = "<group>"; };
		7236FB1C6EFC36F00EA02A21 /* Pods-COVID-19_MVP.release.xcconfig */ = {isa = PBXFileReference; includeInIndex = 1; lastKnownFileType = text.xcconfig; name = "Pods-COVID-19_MVP.release.xcconfig"; path = "Target Support Files/Pods-COVID-19_MVP/Pods-COVID-19_MVP.release.xcconfig"; sourceTree = "<group>"; };
/* End PBXFileReference section */

/* Begin PBXFrameworksBuildPhase section */
		2C96705D244A11840041E4BA /* Frameworks */ = {
			isa = PBXFrameworksBuildPhase;
			buildActionMask = 2147483647;
			files = (
				213424871E313AEAE09B5CA7 /* Pods_COVID_19_MVP.framework in Frameworks */,
			);
			runOnlyForDeploymentPostprocessing = 0;
		};
/* End PBXFrameworksBuildPhase section */

/* Begin PBXGroup section */
		2C967057244A11840041E4BA = {
			isa = PBXGroup;
			children = (
				2C967062244A11840041E4BA /* COVID-19_MVP */,
				2C967061244A11840041E4BA /* Products */,
				78D4DAB3EDB6859CC843C3A6 /* Pods */,
				5D93E19586A58950F7D8C5C9 /* Frameworks */,
			);
			sourceTree = "<group>";
		};
		2C967061244A11840041E4BA /* Products */ = {
			isa = PBXGroup;
			children = (
				2C967060244A11840041E4BA /* COVID-19_MVP.app */,
			);
			name = Products;
			sourceTree = "<group>";
		};
		2C967062244A11840041E4BA /* COVID-19_MVP */ = {
			isa = PBXGroup;
			children = (
				2C967074244A11880041E4BA /* Info.plist */,
				2C96707A244A12370041E4BA /* Sources */,
				2C96707B244A12540041E4BA /* MainModule */,
				2CE23A08244A36FB0059BDFC /* DetailModule */,
				2C967080244A16300041E4BA /* Services */,
				2C96707F244A15E20041E4BA /* Router and Builder */,
			);
			path = "COVID-19_MVP";
			sourceTree = "<group>";
		};
		2C96707A244A12370041E4BA /* Sources */ = {
			isa = PBXGroup;
			children = (
				2C967063244A11840041E4BA /* AppDelegate.swift */,
				2C967065244A11840041E4BA /* SceneDelegate.swift */,
				2C967069244A11840041E4BA /* Main.storyboard */,
				2C96706F244A11880041E4BA /* Assets.xcassets */,
				2C967071244A11880041E4BA /* LaunchScreen.storyboard */,
				2CE23A06244A2F2D0059BDFC /* Helper.swift */,
			);
			path = Sources;
			sourceTree = "<group>";
		};
		2C96707B244A12540041E4BA /* MainModule */ = {
			isa = PBXGroup;
			children = (
				2C96707C244A12740041E4BA /* Model */,
				2C96707D244A12850041E4BA /* View */,
				2C96707E244A128A0041E4BA /* Presenter */,
			);
			path = MainModule;
			sourceTree = "<group>";
		};
		2C96707C244A12740041E4BA /* Model */ = {
			isa = PBXGroup;
			children = (
				2C96708B244A1A550041E4BA /* MainModel.swift */,
			);
			path = Model;
			sourceTree = "<group>";
		};
		2C96707D244A12850041E4BA /* View */ = {
			isa = PBXGroup;
			children = (
				2C967067244A11840041E4BA /* MainViewController.swift */,
				2C967089244A1A490041E4BA /* MainView.swift */,
				2C42284E244A257C00D2CAB4 /* MainTableViewCell.swift */,
			);
			path = View;
			sourceTree = "<group>";
		};
		2C96707E244A128A0041E4BA /* Presenter */ = {
			isa = PBXGroup;
			children = (
				2C967087244A1A3B0041E4BA /* MainPresenter.swift */,
			);
			path = Presenter;
			sourceTree = "<group>";
		};
		2C96707F244A15E20041E4BA /* Router and Builder */ = {
			isa = PBXGroup;
			children = (
				2C967083244A186A0041E4BA /* Router.swift */,
				2C967085244A18790041E4BA /* AssemblyBuilder.swift */,
			);
			path = "Router and Builder";
			sourceTree = "<group>";
		};
		2C967080244A16300041E4BA /* Services */ = {
			isa = PBXGroup;
			children = (
				2C967081244A16760041E4BA /* Network  */,
				2C967082244A16800041E4BA /* DataBase */,
			);
			path = Services;
			sourceTree = "<group>";
		};
		2C967081244A16760041E4BA /* Network  */ = {
			isa = PBXGroup;
			children = (
				2C422850244A2A3D00D2CAB4 /* NetworkServices.swift */,
			);
			path = "Network ";
			sourceTree = "<group>";
		};
		2C967082244A16800041E4BA /* DataBase */ = {
			isa = PBXGroup;
			children = (
				2C422852244A2C5700D2CAB4 /* PersistanceService.swift */,
				2C96706C244A11840041E4BA /* COVID_19_MVP.xcdatamodeld */,
			);
			path = DataBase;
			sourceTree = "<group>";
		};
		2CE23A08244A36FB0059BDFC /* DetailModule */ = {
			isa = PBXGroup;
			children = (
				2CE23A0B244A38050059BDFC /* Model */,
				2CE23A0A244A37FE0059BDFC /* View */,
				2CE23A09244A37F50059BDFC /* Presenter */,
			);
			path = DetailModule;
			sourceTree = "<group>";
		};
		2CE23A09244A37F50059BDFC /* Presenter */ = {
			isa = PBXGroup;
			children = (
				2CE23A0C244A382B0059BDFC /* DetailPresenter.swift */,
			);
			path = Presenter;
			sourceTree = "<group>";
		};
		2CE23A0A244A37FE0059BDFC /* View */ = {
			isa = PBXGroup;
			children = (
				2CE23A0E244A384A0059BDFC /* DetailViewController.swift */,
				2CE23A10244A3F780059BDFC /* DetailView.swift */,
				2CE23A12244A3FA70059BDFC /* DetailTableCell.swift */,
				2C277A37244C9855009C9278 /* ChartTableCell.swift */,
			);
			path = View;
			sourceTree = "<group>";
		};
		2CE23A0B244A38050059BDFC /* Model */ = {
			isa = PBXGroup;
			children = (
			);
			path = Model;
			sourceTree = "<group>";
		};
		5D93E19586A58950F7D8C5C9 /* Frameworks */ = {
			isa = PBXGroup;
			children = (
				0D0AE864C4B77572B55CD992 /* Pods_COVID_19_MVP.framework */,
			);
			name = Frameworks;
			sourceTree = "<group>";
		};
		78D4DAB3EDB6859CC843C3A6 /* Pods */ = {
			isa = PBXGroup;
			children = (
				31A80C460E2CE5C7A77BEB39 /* Pods-COVID-19_MVP.debug.xcconfig */,
				7236FB1C6EFC36F00EA02A21 /* Pods-COVID-19_MVP.release.xcconfig */,
			);
			path = Pods;
			sourceTree = "<group>";
		};
/* End PBXGroup section */

/* Begin PBXNativeTarget section */
		2C96705F244A11840041E4BA /* COVID-19_MVP */ = {
			isa = PBXNativeTarget;
			buildConfigurationList = 2C967077244A11880041E4BA /* Build configuration list for PBXNativeTarget "COVID-19_MVP" */;
			buildPhases = (
				59DDEEC821A4100E1630098A /* [CP] Check Pods Manifest.lock */,
				2C96705C244A11840041E4BA /* Sources */,
				2C96705D244A11840041E4BA /* Frameworks */,
				2C96705E244A11840041E4BA /* Resources */,
				8700400686397CAAAEEC2015 /* [CP] Embed Pods Frameworks */,
			);
			buildRules = (
			);
			dependencies = (
			);
			name = "COVID-19_MVP";
			productName = "COVID-19_MVP";
			productReference = 2C967060244A11840041E4BA /* COVID-19_MVP.app */;
			productType = "com.apple.product-type.application";
		};
/* End PBXNativeTarget section */

/* Begin PBXProject section */
		2C967058244A11840041E4BA /* Project object */ = {
			isa = PBXProject;
			attributes = {
				KnownAssetTags = (
					New,
				);
				LastSwiftUpdateCheck = 1130;
				LastUpgradeCheck = 1130;
				ORGANIZATIONNAME = "Дмитрий Марченков";
				TargetAttributes = {
					2C96705F244A11840041E4BA = {
						CreatedOnToolsVersion = 11.3.1;
					};
				};
			};
			buildConfigurationList = 2C96705B244A11840041E4BA /* Build configuration list for PBXProject "COVID-19_MVP" */;
			compatibilityVersion = "Xcode 9.3";
			developmentRegion = en;
			hasScannedForEncodings = 0;
			knownRegions = (
				en,
				Base,
			);
			mainGroup = 2C967057244A11840041E4BA;
			productRefGroup = 2C967061244A11840041E4BA /* Products */;
			projectDirPath = "";
			projectRoot = "";
			targets = (
				2C96705F244A11840041E4BA /* COVID-19_MVP */,
			);
		};
/* End PBXProject section */

/* Begin PBXResourcesBuildPhase section */
		2C96705E244A11840041E4BA /* Resources */ = {
			isa = PBXResourcesBuildPhase;
			buildActionMask = 2147483647;
			files = (
				2C967073244A11880041E4BA /* LaunchScreen.storyboard in Resources */,
				2C967070244A11880041E4BA /* Assets.xcassets in Resources */,
				2C96706B244A11840041E4BA /* Main.storyboard in Resources */,
			);
			runOnlyForDeploymentPostprocessing = 0;
		};
/* End PBXResourcesBuildPhase section */

/* Begin PBXShellScriptBuildPhase section */
		59DDEEC821A4100E1630098A /* [CP] Check Pods Manifest.lock */ = {
			isa = PBXShellScriptBuildPhase;
			buildActionMask = 2147483647;
			files = (
			);
			inputFileListPaths = (
			);
			inputPaths = (
				"${PODS_PODFILE_DIR_PATH}/Podfile.lock",
				"${PODS_ROOT}/Manifest.lock",
			);
			name = "[CP] Check Pods Manifest.lock";
			outputFileListPaths = (
			);
			outputPaths = (
				"$(DERIVED_FILE_DIR)/Pods-COVID-19_MVP-checkManifestLockResult.txt",
			);
			runOnlyForDeploymentPostprocessing = 0;
			shellPath = /bin/sh;
			shellScript = "diff \"${PODS_PODFILE_DIR_PATH}/Podfile.lock\" \"${PODS_ROOT}/Manifest.lock\" > /dev/null\nif [ $? != 0 ] ; then\n    # print error to STDERR\n    echo \"error: The sandbox is not in sync with the Podfile.lock. Run 'pod install' or update your CocoaPods installation.\" >&2\n    exit 1\nfi\n# This output is used by Xcode 'outputs' to avoid re-running this script phase.\necho \"SUCCESS\" > \"${SCRIPT_OUTPUT_FILE_0}\"\n";
			showEnvVarsInLog = 0;
		};
		8700400686397CAAAEEC2015 /* [CP] Embed Pods Frameworks */ = {
			isa = PBXShellScriptBuildPhase;
			buildActionMask = 2147483647;
			files = (
			);
			inputFileListPaths = (
				"${PODS_ROOT}/Target Support Files/Pods-COVID-19_MVP/Pods-COVID-19_MVP-frameworks-${CONFIGURATION}-input-files.xcfilelist",
			);
			name = "[CP] Embed Pods Frameworks";
			outputFileListPaths = (
				"${PODS_ROOT}/Target Support Files/Pods-COVID-19_MVP/Pods-COVID-19_MVP-frameworks-${CONFIGURATION}-output-files.xcfilelist",
			);
			runOnlyForDeploymentPostprocessing = 0;
			shellPath = /bin/sh;
			shellScript = "\"${PODS_ROOT}/Target Support Files/Pods-COVID-19_MVP/Pods-COVID-19_MVP-frameworks.sh\"\n";
			showEnvVarsInLog = 0;
		};
/* End PBXShellScriptBuildPhase section */

/* Begin PBXSourcesBuildPhase section */
		2C96705C244A11840041E4BA /* Sources */ = {
			isa = PBXSourcesBuildPhase;
			buildActionMask = 2147483647;
			files = (
				2C967068244A11840041E4BA /* MainViewController.swift in Sources */,
				2C422853244A2C5700D2CAB4 /* PersistanceService.swift in Sources */,
				2C422851244A2A3D00D2CAB4 /* NetworkServices.swift in Sources */,
				2C96708A244A1A490041E4BA /* MainView.swift in Sources */,
				2C96706E244A11840041E4BA /* COVID_19_MVP.xcdatamodeld in Sources */,
				2CE23A0D244A382B0059BDFC /* DetailPresenter.swift in Sources */,
				2C967084244A186A0041E4BA /* Router.swift in Sources */,
				2CE23A13244A3FA70059BDFC /* DetailTableCell.swift in Sources */,
				2C42284F244A257C00D2CAB4 /* MainTableViewCell.swift in Sources */,
				2C967086244A18790041E4BA /* AssemblyBuilder.swift in Sources */,
				2CE23A11244A3F780059BDFC /* DetailView.swift in Sources */,
				2C96708C244A1A550041E4BA /* MainModel.swift in Sources */,
				2C967064244A11840041E4BA /* AppDelegate.swift in Sources */,
				2CE23A07244A2F2D0059BDFC /* Helper.swift in Sources */,
				2CE23A0F244A384A0059BDFC /* DetailViewController.swift in Sources */,
				2C277A38244C9855009C9278 /* ChartTableCell.swift in Sources */,
				2C967088244A1A3B0041E4BA /* MainPresenter.swift in Sources */,
				2C967066244A11840041E4BA /* SceneDelegate.swift in Sources */,
			);
			runOnlyForDeploymentPostprocessing = 0;
		};
/* End PBXSourcesBuildPhase section */

/* Begin PBXVariantGroup section */
		2C967069244A11840041E4BA /* Main.storyboard */ = {
			isa = PBXVariantGroup;
			children = (
				2C96706A244A11840041E4BA /* Base */,
			);
			name = Main.storyboard;
			sourceTree = "<group>";
		};
		2C967071244A11880041E4BA /* LaunchScreen.storyboard */ = {
			isa = PBXVariantGroup;
			children = (
				2C967072244A11880041E4BA /* Base */,
			);
			name = LaunchScreen.storyboard;
			sourceTree = "<group>";
		};
/* End PBXVariantGroup section */

/* Begin XCBuildConfiguration section */
		2C967075244A11880041E4BA /* Debug */ = {
			isa = XCBuildConfiguration;
			buildSettings = {
				ALWAYS_SEARCH_USER_PATHS = NO;
				CLANG_ANALYZER_NONNULL = YES;
				CLANG_ANALYZER_NUMBER_OBJECT_CONVERSION = YES_AGGRESSIVE;
				CLANG_CXX_LANGUAGE_STANDARD = "gnu++14";
				CLANG_CXX_LIBRARY = "libc++";
				CLANG_ENABLE_MODULES = YES;
				CLANG_ENABLE_OBJC_ARC = YES;
				CLANG_ENABLE_OBJC_WEAK = YES;
				CLANG_WARN_BLOCK_CAPTURE_AUTORELEASING = YES;
				CLANG_WARN_BOOL_CONVERSION = YES;
				CLANG_WARN_COMMA = YES;
				CLANG_WARN_CONSTANT_CONVERSION = YES;
				CLANG_WARN_DEPRECATED_OBJC_IMPLEMENTATIONS = YES;
				CLANG_WARN_DIRECT_OBJC_ISA_USAGE = YES_ERROR;
				CLANG_WARN_DOCUMENTATION_COMMENTS = YES;
				CLANG_WARN_EMPTY_BODY = YES;
				CLANG_WARN_ENUM_CONVERSION = YES;
				CLANG_WARN_INFINITE_RECURSION = YES;
				CLANG_WARN_INT_CONVERSION = YES;
				CLANG_WARN_NON_LITERAL_NULL_CONVERSION = YES;
				CLANG_WARN_OBJC_IMPLICIT_RETAIN_SELF = YES;
				CLANG_WARN_OBJC_LITERAL_CONVERSION = YES;
				CLANG_WARN_OBJC_ROOT_CLASS = YES_ERROR;
				CLANG_WARN_RANGE_LOOP_ANALYSIS = YES;
				CLANG_WARN_STRICT_PROTOTYPES = YES;
				CLANG_WARN_SUSPICIOUS_MOVE = YES;
				CLANG_WARN_UNGUARDED_AVAILABILITY = YES_AGGRESSIVE;
				CLANG_WARN_UNREACHABLE_CODE = YES;
				CLANG_WARN__DUPLICATE_METHOD_MATCH = YES;
				COPY_PHASE_STRIP = NO;
				DEBUG_INFORMATION_FORMAT = dwarf;
				ENABLE_STRICT_OBJC_MSGSEND = YES;
				ENABLE_TESTABILITY = YES;
				GCC_C_LANGUAGE_STANDARD = gnu11;
				GCC_DYNAMIC_NO_PIC = NO;
				GCC_NO_COMMON_BLOCKS = YES;
				GCC_OPTIMIZATION_LEVEL = 0;
				GCC_PREPROCESSOR_DEFINITIONS = (
					"DEBUG=1",
					"$(inherited)",
				);
				GCC_WARN_64_TO_32_BIT_CONVERSION = YES;
				GCC_WARN_ABOUT_RETURN_TYPE = YES_ERROR;
				GCC_WARN_UNDECLARED_SELECTOR = YES;
				GCC_WARN_UNINITIALIZED_AUTOS = YES_AGGRESSIVE;
				GCC_WARN_UNUSED_FUNCTION = YES;
				GCC_WARN_UNUSED_VARIABLE = YES;
				IPHONEOS_DEPLOYMENT_TARGET = 13.2;
				MTL_ENABLE_DEBUG_INFO = INCLUDE_SOURCE;
				MTL_FAST_MATH = YES;
				ONLY_ACTIVE_ARCH = YES;
				SDKROOT = iphoneos;
				SWIFT_ACTIVE_COMPILATION_CONDITIONS = DEBUG;
				SWIFT_OPTIMIZATION_LEVEL = "-Onone";
			};
			name = Debug;
		};
		2C967076244A11880041E4BA /* Release */ = {
			isa = XCBuildConfiguration;
			buildSettings = {
				ALWAYS_SEARCH_USER_PATHS = NO;
				CLANG_ANALYZER_NONNULL = YES;
				CLANG_ANALYZER_NUMBER_OBJECT_CONVERSION = YES_AGGRESSIVE;
				CLANG_CXX_LANGUAGE_STANDARD = "gnu++14";
				CLANG_CXX_LIBRARY = "libc++";
				CLANG_ENABLE_MODULES = YES;
				CLANG_ENABLE_OBJC_ARC = YES;
				CLANG_ENABLE_OBJC_WEAK = YES;
				CLANG_WARN_BLOCK_CAPTURE_AUTORELEASING = YES;
				CLANG_WARN_BOOL_CONVERSION = YES;
				CLANG_WARN_COMMA = YES;
				CLANG_WARN_CONSTANT_CONVERSION = YES;
				CLANG_WARN_DEPRECATED_OBJC_IMPLEMENTATIONS = YES;
				CLANG_WARN_DIRECT_OBJC_ISA_USAGE = YES_ERROR;
				CLANG_WARN_DOCUMENTATION_COMMENTS = YES;
				CLANG_WARN_EMPTY_BODY = YES;
				CLANG_WARN_ENUM_CONVERSION = YES;
				CLANG_WARN_INFINITE_RECURSION = YES;
				CLANG_WARN_INT_CONVERSION = YES;
				CLANG_WARN_NON_LITERAL_NULL_CONVERSION = YES;
				CLANG_WARN_OBJC_IMPLICIT_RETAIN_SELF = YES;
				CLANG_WARN_OBJC_LITERAL_CONVERSION = YES;
				CLANG_WARN_OBJC_ROOT_CLASS = YES_ERROR;
				CLANG_WARN_RANGE_LOOP_ANALYSIS = YES;
				CLANG_WARN_STRICT_PROTOTYPES = YES;
				CLANG_WARN_SUSPICIOUS_MOVE = YES;
				CLANG_WARN_UNGUARDED_AVAILABILITY = YES_AGGRESSIVE;
				CLANG_WARN_UNREACHABLE_CODE = YES;
				CLANG_WARN__DUPLICATE_METHOD_MATCH = YES;
				COPY_PHASE_STRIP = NO;
				DEBUG_INFORMATION_FORMAT = "dwarf-with-dsym";
				ENABLE_NS_ASSERTIONS = NO;
				ENABLE_STRICT_OBJC_MSGSEND = YES;
				GCC_C_LANGUAGE_STANDARD = gnu11;
				GCC_NO_COMMON_BLOCKS = YES;
				GCC_WARN_64_TO_32_BIT_CONVERSION = YES;
				GCC_WARN_ABOUT_RETURN_TYPE = YES_ERROR;
				GCC_WARN_UNDECLARED_SELECTOR = YES;
				GCC_WARN_UNINITIALIZED_AUTOS = YES_AGGRESSIVE;
				GCC_WARN_UNUSED_FUNCTION = YES;
				GCC_WARN_UNUSED_VARIABLE = YES;
				IPHONEOS_DEPLOYMENT_TARGET = 13.2;
				MTL_ENABLE_DEBUG_INFO = NO;
				MTL_FAST_MATH = YES;
				SDKROOT = iphoneos;
				SWIFT_COMPILATION_MODE = wholemodule;
				SWIFT_OPTIMIZATION_LEVEL = "-O";
				VALIDATE_PRODUCT = YES;
			};
			name = Release;
		};
		2C967078244A11880041E4BA /* Debug */ = {
			isa = XCBuildConfiguration;
			baseConfigurationReference = 31A80C460E2CE5C7A77BEB39 /* Pods-COVID-19_MVP.debug.xcconfig */;
			buildSettings = {
				ASSETCATALOG_COMPILER_APPICON_NAME = AppIcon;
				CODE_SIGN_STYLE = Automatic;
				DEVELOPMENT_TEAM = 2WU2LYUXF9;
				INFOPLIST_FILE = "COVID-19_MVP/Info.plist";
				LD_RUNPATH_SEARCH_PATHS = (
					"$(inherited)",
					"@executable_path/Frameworks",
				);
				PRODUCT_BUNDLE_IDENTIFIER = "GovnoCodeInc.COVID-19-MVP";
				PRODUCT_NAME = "$(TARGET_NAME)";
				SWIFT_VERSION = 5.0;
				TARGETED_DEVICE_FAMILY = "1,2";
			};
			name = Debug;
		};
		2C967079244A11880041E4BA /* Release */ = {
			isa = XCBuildConfiguration;
			baseConfigurationReference = 7236FB1C6EFC36F00EA02A21 /* Pods-COVID-19_MVP.release.xcconfig */;
			buildSettings = {
				ASSETCATALOG_COMPILER_APPICON_NAME = AppIcon;
				CODE_SIGN_STYLE = Automatic;
				DEVELOPMENT_TEAM = 2WU2LYUXF9;
				INFOPLIST_FILE = "COVID-19_MVP/Info.plist";
				LD_RUNPATH_SEARCH_PATHS = (
					"$(inherited)",
					"@executable_path/Frameworks",
				);
				PRODUCT_BUNDLE_IDENTIFIER = "GovnoCodeInc.COVID-19-MVP";
				PRODUCT_NAME = "$(TARGET_NAME)";
				SWIFT_VERSION = 5.0;
				TARGETED_DEVICE_FAMILY = "1,2";
			};
			name = Release;
		};
/* End XCBuildConfiguration section */

/* Begin XCConfigurationList section */
		2C96705B244A11840041E4BA /* Build configuration list for PBXProject "COVID-19_MVP" */ = {
			isa = XCConfigurationList;
			buildConfigurations = (
				2C967075244A11880041E4BA /* Debug */,
				2C967076244A11880041E4BA /* Release */,
			);
			defaultConfigurationIsVisible = 0;
			defaultConfigurationName = Release;
		};
		2C967077244A11880041E4BA /* Build configuration list for PBXNativeTarget "COVID-19_MVP" */ = {
			isa = XCConfigurationList;
			buildConfigurations = (
				2C967078244A11880041E4BA /* Debug */,
				2C967079244A11880041E4BA /* Release */,
			);
			defaultConfigurationIsVisible = 0;
			defaultConfigurationName = Release;
		};
/* End XCConfigurationList section */

/* Begin XCVersionGroup section */
		2C96706C244A11840041E4BA /* COVID_19_MVP.xcdatamodeld */ = {
			isa = XCVersionGroup;
			children = (
				2C96706D244A11840041E4BA /* COVID_19_MVP.xcdatamodel */,
			);
			currentVersion = 2C96706D244A11840041E4BA /* COVID_19_MVP.xcdatamodel */;
			path = COVID_19_MVP.xcdatamodeld;
			sourceTree = "<group>";
			versionGroupType = wrapper.xcdatamodel;
		};
/* End XCVersionGroup section */
	};
	rootObject = 2C967058244A11840041E4BA /* Project object */;
}
